
Microsoft Visual Studio Solution File, Format Version 12.00
# Visual Studio Version 17
VisualStudioVersion = 17.1.32210.238
MinimumVisualStudioVersion = 10.0.40219.1
Project("{FAE04EC0-301F-11D3-BF4B-00C04F79EFBC}") = "Repaso3D", "Repaso3D.csproj", "{327E40E6-74F1-46D0-A978-01F8799E166C}"
EndProject
Global
	GlobalSection(SolutionConfigurationPlatforms) = preSolution
		Debug|Any CPU = Debug|Any CPU
		Release|Any CPU = Release|Any CPU
	EndGlobalSection
	GlobalSection(ProjectConfigurationPlatforms) = postSolution
		{327E40E6-74F1-46D0-A978-01F8799E166C}.Debug|Any CPU.ActiveCfg = Debug|Any CPU
		{327E40E6-74F1-46D0-A978-01F8799E166C}.Debug|Any CPU.Build.0 = Debug|Any CPU
		{327E40E6-74F1-46D0-A978-01F8799E166C}.Release|Any CPU.ActiveCfg = Release|Any CPU
		{327E40E6-74F1-46D0-A978-01F8799E166C}.Release|Any CPU.Build.0 = Release|Any CPU
	EndGlobalSection
	GlobalSection(SolutionProperties) = preSolution
		HideSolutionNode = FALSE
	EndGlobalSection
	GlobalSection(ExtensibilityGlobals) = postSolution
		SolutionGuid = {6A4ECA5B-8B9F-4C5F-A48C-83FD15717897}
	EndGlobalSection
EndGlobal
